
Microsoft Visual Studio Solution File, Format Version 12.00
# Visual Studio Version 16
VisualStudioVersion = 16.0.32802.440
MinimumVisualStudioVersion = 10.0.40219.1
Project("{FAE04EC0-301F-11D3-BF4B-00C04F79EFBC}") = "Game", "Game\Game.csproj", "{6D7E3A2A-DA87-4CF3-8031-104C616FCE5A}"
EndProject
Global
	GlobalSection(SolutionConfigurationPlatforms) = preSolution
		Debug|Any CPU = Debug|Any CPU
		Release|Any CPU = Release|Any CPU
	EndGlobalSection
	GlobalSection(ProjectConfigurationPlatforms) = postSolution
		{6D7E3A2A-DA87-4CF3-8031-104C616FCE5A}.Debug|Any CPU.ActiveCfg = Debug|Any CPU
		{6D7E3A2A-DA87-4CF3-8031-104C616FCE5A}.Debug|Any CPU.Build.0 = Debug|Any CPU
		{6D7E3A2A-DA87-4CF3-8031-104C616FCE5A}.Release|Any CPU.ActiveCfg = Release|Any CPU
		{6D7E3A2A-DA87-4CF3-8031-104C616FCE5A}.Release|Any CPU.Build.0 = Release|Any CPU
	EndGlobalSection
	GlobalSection(SolutionProperties) = preSolution
		HideSolutionNode = FALSE
	EndGlobalSection
	GlobalSection(ExtensibilityGlobals) = postSolution
		SolutionGuid = {882D9CA1-310C-4786-B46C-A8D1D81ACADC}
	EndGlobalSection
EndGlobal
